
Microsoft Visual Studio Solution File, Format Version 12.00
# Visual Studio Version 16
VisualStudioVersion = 16.0.30611.23
MinimumVisualStudioVersion = 10.0.40219.1
Project("{FAE04EC0-301F-11D3-BF4B-00C04F79EFBC}") = "SKAPIHandler", "SKAPIHandler\SKAPIHandler.csproj", "{F71196FB-8E61-4093-B7F5-001C52754E81}"
EndProject
Global
	GlobalSection(SolutionConfigurationPlatforms) = preSolution
		Debug|Any CPU = Debug|Any CPU
		Release|Any CPU = Release|Any CPU
	EndGlobalSection
	GlobalSection(ProjectConfigurationPlatforms) = postSolution
		{F71196FB-8E61-4093-B7F5-001C52754E81}.Debug|Any CPU.ActiveCfg = Debug|Any CPU
		{F71196FB-8E61-4093-B7F5-001C52754E81}.Debug|Any CPU.Build.0 = Debug|Any CPU
		{F71196FB-8E61-4093-B7F5-001C52754E81}.Release|Any CPU.ActiveCfg = Release|Any CPU
		{F71196FB-8E61-4093-B7F5-001C52754E81}.Release|Any CPU.Build.0 = Release|Any CPU
	EndGlobalSection
	GlobalSection(SolutionProperties) = preSolution
		HideSolutionNode = FALSE
	EndGlobalSection
	GlobalSection(ExtensibilityGlobals) = postSolution
		SolutionGuid = {A1176E35-1A15-4E08-9255-E5E9A810AD8C}
	EndGlobalSection
EndGlobal
